
Microsoft Visual Studio Solution File, Format Version 12.00
# Visual Studio 15
VisualStudioVersion = 15.0.28307.705
MinimumVisualStudioVersion = 10.0.40219.1
Project("{FAE04EC0-301F-11D3-BF4B-00C04F79EFBC}") = "Messages.App", "Messages.App\Messages.App.csproj", "{071D64E2-A8C7-4AFB-8BF9-F28E517D65DC}"
EndProject
Project("{FAE04EC0-301F-11D3-BF4B-00C04F79EFBC}") = "Messages.Domain", "Messages.Domain\Messages.Domain.csproj", "{5AC1BAC7-E878-4D35-BDBC-0C841DAC0487}"
EndProject
Project("{FAE04EC0-301F-11D3-BF4B-00C04F79EFBC}") = "Messages.Data", "Messages.Data\Messages.Data.csproj", "{D9AC1BDB-15E2-410C-94BD-993167FE4F79}"
EndProject
Global
	GlobalSection(SolutionConfigurationPlatforms) = preSolution
		Debug|Any CPU = Debug|Any CPU
		Release|Any CPU = Release|Any CPU
	EndGlobalSection
	GlobalSection(ProjectConfigurationPlatforms) = postSolution
		{071D64E2-A8C7-4AFB-8BF9-F28E517D65DC}.Debug|Any CPU.ActiveCfg = Debug|Any CPU
		{071D64E2-A8C7-4AFB-8BF9-F28E517D65DC}.Debug|Any CPU.Build.0 = Debug|Any CPU
		{071D64E2-A8C7-4AFB-8BF9-F28E517D65DC}.Release|Any CPU.ActiveCfg = Release|Any CPU
		{071D64E2-A8C7-4AFB-8BF9-F28E517D65DC}.Release|Any CPU.Build.0 = Release|Any CPU
		{5AC1BAC7-E878-4D35-BDBC-0C841DAC0487}.Debug|Any CPU.ActiveCfg = Debug|Any CPU
		{5AC1BAC7-E878-4D35-BDBC-0C841DAC0487}.Debug|Any CPU.Build.0 = Debug|Any CPU
		{5AC1BAC7-E878-4D35-BDBC-0C841DAC0487}.Release|Any CPU.ActiveCfg = Release|Any CPU
		{5AC1BAC7-E878-4D35-BDBC-0C841DAC0487}.Release|Any CPU.Build.0 = Release|Any CPU
		{D9AC1BDB-15E2-410C-94BD-993167FE4F79}.Debug|Any CPU.ActiveCfg = Debug|Any CPU
		{D9AC1BDB-15E2-410C-94BD-993167FE4F79}.Debug|Any CPU.Build.0 = Debug|Any CPU
		{D9AC1BDB-15E2-410C-94BD-993167FE4F79}.Release|Any CPU.ActiveCfg = Release|Any CPU
		{D9AC1BDB-15E2-410C-94BD-993167FE4F79}.Release|Any CPU.Build.0 = Release|Any CPU
	EndGlobalSection
	GlobalSection(SolutionProperties) = preSolution
		HideSolutionNode = FALSE
	EndGlobalSection
	GlobalSection(ExtensibilityGlobals) = postSolution
		SolutionGuid = {96A11631-D807-450E-B84C-8679394A221F}
	EndGlobalSection
EndGlobal
