
Microsoft Visual Studio Solution File, Format Version 12.00
# Visual Studio 15
VisualStudioVersion = 15.0.28307.705
MinimumVisualStudioVersion = 10.0.40219.1
Project("{9A19103F-16F7-4668-BE54-9A1E7A4F7556}") = "Panda.App", "Panda.App\Panda.App.csproj", "{964E40BD-5FEB-4AD7-9E50-1D87A770AA85}"
EndProject
Project("{FAE04EC0-301F-11D3-BF4B-00C04F79EFBC}") = "Panda.Data", "Panda.Data\Panda.Data.csproj", "{D0E9E9D7-2859-48BB-8AA6-5EFD9A49671B}"
EndProject
Project("{FAE04EC0-301F-11D3-BF4B-00C04F79EFBC}") = "Panda.Domain", "Panda.Models\Panda.Domain.csproj", "{5851924B-D242-43F9-89EB-8A1A104C6E53}"
EndProject
Global
	GlobalSection(SolutionConfigurationPlatforms) = preSolution
		Debug|Any CPU = Debug|Any CPU
		Release|Any CPU = Release|Any CPU
	EndGlobalSection
	GlobalSection(ProjectConfigurationPlatforms) = postSolution
		{964E40BD-5FEB-4AD7-9E50-1D87A770AA85}.Debug|Any CPU.ActiveCfg = Debug|Any CPU
		{964E40BD-5FEB-4AD7-9E50-1D87A770AA85}.Debug|Any CPU.Build.0 = Debug|Any CPU
		{964E40BD-5FEB-4AD7-9E50-1D87A770AA85}.Release|Any CPU.ActiveCfg = Release|Any CPU
		{964E40BD-5FEB-4AD7-9E50-1D87A770AA85}.Release|Any CPU.Build.0 = Release|Any CPU
		{D0E9E9D7-2859-48BB-8AA6-5EFD9A49671B}.Debug|Any CPU.ActiveCfg = Debug|Any CPU
		{D0E9E9D7-2859-48BB-8AA6-5EFD9A49671B}.Debug|Any CPU.Build.0 = Debug|Any CPU
		{D0E9E9D7-2859-48BB-8AA6-5EFD9A49671B}.Release|Any CPU.ActiveCfg = Release|Any CPU
		{D0E9E9D7-2859-48BB-8AA6-5EFD9A49671B}.Release|Any CPU.Build.0 = Release|Any CPU
		{5851924B-D242-43F9-89EB-8A1A104C6E53}.Debug|Any CPU.ActiveCfg = Debug|Any CPU
		{5851924B-D242-43F9-89EB-8A1A104C6E53}.Debug|Any CPU.Build.0 = Debug|Any CPU
		{5851924B-D242-43F9-89EB-8A1A104C6E53}.Release|Any CPU.ActiveCfg = Release|Any CPU
		{5851924B-D242-43F9-89EB-8A1A104C6E53}.Release|Any CPU.Build.0 = Release|Any CPU
	EndGlobalSection
	GlobalSection(SolutionProperties) = preSolution
		HideSolutionNode = FALSE
	EndGlobalSection
	GlobalSection(ExtensibilityGlobals) = postSolution
		SolutionGuid = {3A072E24-717B-4B3D-A399-8E8D323DF192}
	EndGlobalSection
EndGlobal
